
Microsoft Visual Studio Solution File, Format Version 12.00
# Visual Studio 2012
Project("{FAE04EC0-301F-11D3-BF4B-00C04F79EFBC}") = "SampleWCFClient", "SampleWCFClient\SampleWCFClient.csproj", "{ACF80D29-6DE4-4F14-B69A-9420ED6248EE}"
EndProject
Global
	GlobalSection(SolutionConfigurationPlatforms) = preSolution
		Debug|Any CPU = Debug|Any CPU
		Release|Any CPU = Release|Any CPU
	EndGlobalSection
	GlobalSection(ProjectConfigurationPlatforms) = postSolution
		{ACF80D29-6DE4-4F14-B69A-9420ED6248EE}.Debug|Any CPU.ActiveCfg = Debug|Any CPU
		{ACF80D29-6DE4-4F14-B69A-9420ED6248EE}.Debug|Any CPU.Build.0 = Debug|Any CPU
		{ACF80D29-6DE4-4F14-B69A-9420ED6248EE}.Release|Any CPU.ActiveCfg = Release|Any CPU
		{ACF80D29-6DE4-4F14-B69A-9420ED6248EE}.Release|Any CPU.Build.0 = Release|Any CPU
	EndGlobalSection
	GlobalSection(SolutionProperties) = preSolution
		HideSolutionNode = FALSE
	EndGlobalSection
EndGlobal
